
Microsoft Visual Studio Solution File, Format Version 12.00
# Visual Studio Version 18
VisualStudioVersion = 18.0.11018.127
MinimumVisualStudioVersion = 10.0.40219.1
Project("{FAE04EC0-301F-11D3-BF4B-00C04F79EFBC}") = "M365.CoPilot.MCP", "M365.CoPilot.MCP\M365.CoPilot.MCP.csproj", "{18271E46-D4FB-4AF1-89C1-AFC37F722876}"
EndProject
Project("{9A19103F-16F7-4668-BE54-9A1E7A4F7556}") = "_build", "build\_build.csproj", "{A6CA74BC-13A7-4EC7-93EE-AD203EF9C38F}"
EndProject
Global
	GlobalSection(SolutionConfigurationPlatforms) = preSolution
		Debug|Any CPU = Debug|Any CPU
		Release|Any CPU = Release|Any CPU
	EndGlobalSection
	GlobalSection(ProjectConfigurationPlatforms) = postSolution
		{18271E46-D4FB-4AF1-89C1-AFC37F722876}.Debug|Any CPU.ActiveCfg = Debug|Any CPU
		{18271E46-D4FB-4AF1-89C1-AFC37F722876}.Debug|Any CPU.Build.0 = Debug|Any CPU
		{18271E46-D4FB-4AF1-89C1-AFC37F722876}.Release|Any CPU.ActiveCfg = Release|Any CPU
		{18271E46-D4FB-4AF1-89C1-AFC37F722876}.Release|Any CPU.Build.0 = Release|Any CPU
		{A6CA74BC-13A7-4EC7-93EE-AD203EF9C38F}.Debug|Any CPU.ActiveCfg = Debug|Any CPU
		{A6CA74BC-13A7-4EC7-93EE-AD203EF9C38F}.Release|Any CPU.ActiveCfg = Release|Any CPU
	EndGlobalSection
	GlobalSection(SolutionProperties) = preSolution
		HideSolutionNode = FALSE
	EndGlobalSection
	GlobalSection(ExtensibilityGlobals) = postSolution
		SolutionGuid = {1DF04E71-9DF3-49F0-BA62-573020ACF3BB}
	EndGlobalSection
EndGlobal
